
Microsoft Visual Studio Solution File, Format Version 12.00
# Visual Studio Version 16
VisualStudioVersion = 16.0.34301.259
MinimumVisualStudioVersion = 10.0.40219.1
Project("{FAE04EC0-301F-11D3-BF4B-00C04F79EFBC}") = "test", "test\test.csproj", "{F2EDECE0-C6C0-4FAB-B59D-F5A48C2416E0}"
EndProject
Project("{FAE04EC0-301F-11D3-BF4B-00C04F79EFBC}") = "TobbElem", "TobbElem\TobbElem.csproj", "{635B8575-708F-47C2-B61C-087663859C94}"
EndProject
Project("{FAE04EC0-301F-11D3-BF4B-00C04F79EFBC}") = "Matrix", "Matrix\Matrix.csproj", "{D77F8708-D87F-4C25-978D-EBC9F1C5DD63}"
EndProject
Project("{FAE04EC0-301F-11D3-BF4B-00C04F79EFBC}") = "Négyszögek", "Négyszögek\Négyszögek.csproj", "{4F9C552D-E0F8-41A2-B505-BB883AC18B9A}"
EndProject
Project("{FAE04EC0-301F-11D3-BF4B-00C04F79EFBC}") = "NegyszogOOP", "NegyszogOOP\NegyszogOOP.csproj", "{B39B0894-605D-48D4-9958-B3F54BBCEF9F}"
EndProject
Project("{FAE04EC0-301F-11D3-BF4B-00C04F79EFBC}") = "ConsoleApp1", "ConsoleApp1\ConsoleApp1.csproj", "{0ECC5996-C844-4D26-AA73-B34330C2ED7A}"
EndProject
Project("{FAE04EC0-301F-11D3-BF4B-00C04F79EFBC}") = "09_25", "09_25\09_25.csproj", "{0F4CCC19-E189-4605-88D8-22133908D127}"
EndProject
Project("{FAE04EC0-301F-11D3-BF4B-00C04F79EFBC}") = "ConsoleApp2", "ConsoleApp2\ConsoleApp2.csproj", "{76EA7D25-7117-4CA1-BBF1-098F24CC74B4}"
EndProject
Project("{FAE04EC0-301F-11D3-BF4B-00C04F79EFBC}") = "logikai", "logikai\logikai.csproj", "{495B4885-AE5A-480C-A669-50F6E422C891}"
EndProject
Project("{FAE04EC0-301F-11D3-BF4B-00C04F79EFBC}") = "prefix", "prefix\prefix.csproj", "{C5AC3390-5B70-463E-AFD3-00AE6B5C3BB7}"
EndProject
Project("{FAE04EC0-301F-11D3-BF4B-00C04F79EFBC}") = "haag", "haag\haag.csproj", "{D2E1BAA0-318C-438D-9826-59A674C9B25B}"
EndProject
Project("{FAE04EC0-301F-11D3-BF4B-00C04F79EFBC}") = "ConsoleApp3", "ConsoleApp3\ConsoleApp3.csproj", "{120A01DA-8608-4008-AA16-EB2F65751143}"
EndProject
Global
	GlobalSection(SolutionConfigurationPlatforms) = preSolution
		Debug|Any CPU = Debug|Any CPU
		Release|Any CPU = Release|Any CPU
	EndGlobalSection
	GlobalSection(ProjectConfigurationPlatforms) = postSolution
		{F2EDECE0-C6C0-4FAB-B59D-F5A48C2416E0}.Debug|Any CPU.ActiveCfg = Debug|Any CPU
		{F2EDECE0-C6C0-4FAB-B59D-F5A48C2416E0}.Debug|Any CPU.Build.0 = Debug|Any CPU
		{F2EDECE0-C6C0-4FAB-B59D-F5A48C2416E0}.Release|Any CPU.ActiveCfg = Release|Any CPU
		{F2EDECE0-C6C0-4FAB-B59D-F5A48C2416E0}.Release|Any CPU.Build.0 = Release|Any CPU
		{635B8575-708F-47C2-B61C-087663859C94}.Debug|Any CPU.ActiveCfg = Debug|Any CPU
		{635B8575-708F-47C2-B61C-087663859C94}.Debug|Any CPU.Build.0 = Debug|Any CPU
		{635B8575-708F-47C2-B61C-087663859C94}.Release|Any CPU.ActiveCfg = Release|Any CPU
		{635B8575-708F-47C2-B61C-087663859C94}.Release|Any CPU.Build.0 = Release|Any CPU
		{D77F8708-D87F-4C25-978D-EBC9F1C5DD63}.Debug|Any CPU.ActiveCfg = Debug|Any CPU
		{D77F8708-D87F-4C25-978D-EBC9F1C5DD63}.Debug|Any CPU.Build.0 = Debug|Any CPU
		{D77F8708-D87F-4C25-978D-EBC9F1C5DD63}.Release|Any CPU.ActiveCfg = Release|Any CPU
		{D77F8708-D87F-4C25-978D-EBC9F1C5DD63}.Release|Any CPU.Build.0 = Release|Any CPU
		{4F9C552D-E0F8-41A2-B505-BB883AC18B9A}.Debug|Any CPU.ActiveCfg = Debug|Any CPU
		{4F9C552D-E0F8-41A2-B505-BB883AC18B9A}.Debug|Any CPU.Build.0 = Debug|Any CPU
		{4F9C552D-E0F8-41A2-B505-BB883AC18B9A}.Release|Any CPU.ActiveCfg = Release|Any CPU
		{4F9C552D-E0F8-41A2-B505-BB883AC18B9A}.Release|Any CPU.Build.0 = Release|Any CPU
		{B39B0894-605D-48D4-9958-B3F54BBCEF9F}.Debug|Any CPU.ActiveCfg = Debug|Any CPU
		{B39B0894-605D-48D4-9958-B3F54BBCEF9F}.Debug|Any CPU.Build.0 = Debug|Any CPU
		{B39B0894-605D-48D4-9958-B3F54BBCEF9F}.Release|Any CPU.ActiveCfg = Release|Any CPU
		{B39B0894-605D-48D4-9958-B3F54BBCEF9F}.Release|Any CPU.Build.0 = Release|Any CPU
		{0ECC5996-C844-4D26-AA73-B34330C2ED7A}.Debug|Any CPU.ActiveCfg = Debug|Any CPU
		{0ECC5996-C844-4D26-AA73-B34330C2ED7A}.Debug|Any CPU.Build.0 = Debug|Any CPU
		{0ECC5996-C844-4D26-AA73-B34330C2ED7A}.Release|Any CPU.ActiveCfg = Release|Any CPU
		{0ECC5996-C844-4D26-AA73-B34330C2ED7A}.Release|Any CPU.Build.0 = Release|Any CPU
		{0F4CCC19-E189-4605-88D8-22133908D127}.Debug|Any CPU.ActiveCfg = Debug|Any CPU
		{0F4CCC19-E189-4605-88D8-22133908D127}.Debug|Any CPU.Build.0 = Debug|Any CPU
		{0F4CCC19-E189-4605-88D8-22133908D127}.Release|Any CPU.ActiveCfg = Release|Any CPU
		{0F4CCC19-E189-4605-88D8-22133908D127}.Release|Any CPU.Build.0 = Release|Any CPU
		{76EA7D25-7117-4CA1-BBF1-098F24CC74B4}.Debug|Any CPU.ActiveCfg = Debug|Any CPU
		{76EA7D25-7117-4CA1-BBF1-098F24CC74B4}.Debug|Any CPU.Build.0 = Debug|Any CPU
		{76EA7D25-7117-4CA1-BBF1-098F24CC74B4}.Release|Any CPU.ActiveCfg = Release|Any CPU
		{76EA7D25-7117-4CA1-BBF1-098F24CC74B4}.Release|Any CPU.Build.0 = Release|Any CPU
		{495B4885-AE5A-480C-A669-50F6E422C891}.Debug|Any CPU.ActiveCfg = Debug|Any CPU
		{495B4885-AE5A-480C-A669-50F6E422C891}.Debug|Any CPU.Build.0 = Debug|Any CPU
		{495B4885-AE5A-480C-A669-50F6E422C891}.Release|Any CPU.ActiveCfg = Release|Any CPU
		{495B4885-AE5A-480C-A669-50F6E422C891}.Release|Any CPU.Build.0 = Release|Any CPU
		{C5AC3390-5B70-463E-AFD3-00AE6B5C3BB7}.Debug|Any CPU.ActiveCfg = Debug|Any CPU
		{C5AC3390-5B70-463E-AFD3-00AE6B5C3BB7}.Debug|Any CPU.Build.0 = Debug|Any CPU
		{C5AC3390-5B70-463E-AFD3-00AE6B5C3BB7}.Release|Any CPU.ActiveCfg = Release|Any CPU
		{C5AC3390-5B70-463E-AFD3-00AE6B5C3BB7}.Release|Any CPU.Build.0 = Release|Any CPU
		{D2E1BAA0-318C-438D-9826-59A674C9B25B}.Debug|Any CPU.ActiveCfg = Debug|Any CPU
		{D2E1BAA0-318C-438D-9826-59A674C9B25B}.Debug|Any CPU.Build.0 = Debug|Any CPU
		{D2E1BAA0-318C-438D-9826-59A674C9B25B}.Release|Any CPU.ActiveCfg = Release|Any CPU
		{D2E1BAA0-318C-438D-9826-59A674C9B25B}.Release|Any CPU.Build.0 = Release|Any CPU
		{120A01DA-8608-4008-AA16-EB2F65751143}.Debug|Any CPU.ActiveCfg = Debug|Any CPU
		{120A01DA-8608-4008-AA16-EB2F65751143}.Debug|Any CPU.Build.0 = Debug|Any CPU
		{120A01DA-8608-4008-AA16-EB2F65751143}.Release|Any CPU.ActiveCfg = Release|Any CPU
		{120A01DA-8608-4008-AA16-EB2F65751143}.Release|Any CPU.Build.0 = Release|Any CPU
	EndGlobalSection
	GlobalSection(SolutionProperties) = preSolution
		HideSolutionNode = FALSE
	EndGlobalSection
	GlobalSection(ExtensibilityGlobals) = postSolution
		SolutionGuid = {BE5FEB03-139B-4C55-A502-62ECE8CF3DFA}
	EndGlobalSection
EndGlobal
